{
    __meta__ = {
        version = "1.0"
    },
    ["windows|x64"] = {
        ["cmake#31fecfc4"] = {
            repo = {
                branch = "master",
                commit = "d885463d7cea3253b436ded2f4f17fd8423c4eaa",
                url = "https://github.com/xmake-io/xmake-repo.git"
            },
            version = "3.31.6-msvc6"
        },
        ["spdlog#9c36f0a9"] = {
            repo = {
                branch = "master",
                commit = "d557ccb28de6284dff4e7a174e1681f5b386c2d5",
                url = "https://gitlab.com/tboox/xmake-repo.git"
            },
            version = "v1.15.1"
        },
        ["toml11#31fecfc4"] = {
            repo = {
                branch = "master",
                commit = "d557ccb28de6284dff4e7a174e1681f5b386c2d5",
                url = "https://gitlab.com/tboox/xmake-repo.git"
            },
            version = "v4.4.0"
        }
    }
}